
Microsoft Visual Studio Solution File, Format Version 12.00
# Visual Studio Version 17
VisualStudioVersion = 17.5.33516.290
MinimumVisualStudioVersion = 10.0.40219.1
Project("{FAE04EC0-301F-11D3-BF4B-00C04F79EFBC}") = "baovemon", "baovemon\baovemon.csproj", "{82536F47-747B-45C0-812A-6EE2E4454ECF}"
EndProject
Project("{FAE04EC0-301F-11D3-BF4B-00C04F79EFBC}") = "BUS", "BUS\BUS.csproj", "{384E1466-4DDF-40FD-A1DC-83244F598DEB}"
EndProject
Project("{FAE04EC0-301F-11D3-BF4B-00C04F79EFBC}") = "DTL", "DTL\DTL.csproj", "{626A346D-E0F9-491E-A2D7-644276AD4012}"
EndProject
Project("{FAE04EC0-301F-11D3-BF4B-00C04F79EFBC}") = "DTO", "DTO\DTO.csproj", "{FE759B0F-98E1-421A-B701-F9DE4C21F2B1}"
EndProject
Global
	GlobalSection(SolutionConfigurationPlatforms) = preSolution
		Debug|Any CPU = Debug|Any CPU
		Release|Any CPU = Release|Any CPU
	EndGlobalSection
	GlobalSection(ProjectConfigurationPlatforms) = postSolution
		{82536F47-747B-45C0-812A-6EE2E4454ECF}.Debug|Any CPU.ActiveCfg = Debug|Any CPU
		{82536F47-747B-45C0-812A-6EE2E4454ECF}.Debug|Any CPU.Build.0 = Debug|Any CPU
		{82536F47-747B-45C0-812A-6EE2E4454ECF}.Release|Any CPU.ActiveCfg = Release|Any CPU
		{82536F47-747B-45C0-812A-6EE2E4454ECF}.Release|Any CPU.Build.0 = Release|Any CPU
		{384E1466-4DDF-40FD-A1DC-83244F598DEB}.Debug|Any CPU.ActiveCfg = Debug|Any CPU
		{384E1466-4DDF-40FD-A1DC-83244F598DEB}.Debug|Any CPU.Build.0 = Debug|Any CPU
		{384E1466-4DDF-40FD-A1DC-83244F598DEB}.Release|Any CPU.ActiveCfg = Release|Any CPU
		{384E1466-4DDF-40FD-A1DC-83244F598DEB}.Release|Any CPU.Build.0 = Release|Any CPU
		{626A346D-E0F9-491E-A2D7-644276AD4012}.Debug|Any CPU.ActiveCfg = Debug|Any CPU
		{626A346D-E0F9-491E-A2D7-644276AD4012}.Debug|Any CPU.Build.0 = Debug|Any CPU
		{626A346D-E0F9-491E-A2D7-644276AD4012}.Release|Any CPU.ActiveCfg = Release|Any CPU
		{626A346D-E0F9-491E-A2D7-644276AD4012}.Release|Any CPU.Build.0 = Release|Any CPU
		{FE759B0F-98E1-421A-B701-F9DE4C21F2B1}.Debug|Any CPU.ActiveCfg = Debug|Any CPU
		{FE759B0F-98E1-421A-B701-F9DE4C21F2B1}.Debug|Any CPU.Build.0 = Debug|Any CPU
		{FE759B0F-98E1-421A-B701-F9DE4C21F2B1}.Release|Any CPU.ActiveCfg = Release|Any CPU
		{FE759B0F-98E1-421A-B701-F9DE4C21F2B1}.Release|Any CPU.Build.0 = Release|Any CPU
	EndGlobalSection
	GlobalSection(SolutionProperties) = preSolution
		HideSolutionNode = FALSE
	EndGlobalSection
	GlobalSection(ExtensibilityGlobals) = postSolution
		SolutionGuid = {D21202A3-D278-404B-B62F-463794E2A9EA}
	EndGlobalSection
EndGlobal
